
Microsoft Visual Studio Solution File, Format Version 12.00
# Visual Studio Version 17
VisualStudioVersion = 17.0.31903.59
MinimumVisualStudioVersion = 10.0.40219.1
Project("{FAE04EC0-301F-11D3-BF4B-00C04F79EFBC}") = "GetThePicture", "GetThePicture\GetThePicture.csproj", "{288E2205-AADE-4875-902D-325C3CF01DA5}"
EndProject
Project("{2150E333-8FDC-42A3-9474-1A3956D46DE8}") = "GetThePicture", "GetThePicture", "{33854031-46CE-42FF-92C7-C528713B5936}"
EndProject
Project("{FAE04EC0-301F-11D3-BF4B-00C04F79EFBC}") = "GetThePictureTest", "GetThePictureTest\GetThePictureTest.csproj", "{8F129603-59E3-4C4B-B712-ACF629D2D5AD}"
EndProject
Global
	GlobalSection(SolutionConfigurationPlatforms) = preSolution
		Debug|Any CPU = Debug|Any CPU
		Release|Any CPU = Release|Any CPU
	EndGlobalSection
	GlobalSection(ProjectConfigurationPlatforms) = postSolution
		{288E2205-AADE-4875-902D-325C3CF01DA5}.Debug|Any CPU.ActiveCfg = Debug|Any CPU
		{288E2205-AADE-4875-902D-325C3CF01DA5}.Debug|Any CPU.Build.0 = Debug|Any CPU
		{288E2205-AADE-4875-902D-325C3CF01DA5}.Release|Any CPU.ActiveCfg = Release|Any CPU
		{288E2205-AADE-4875-902D-325C3CF01DA5}.Release|Any CPU.Build.0 = Release|Any CPU
		{8F129603-59E3-4C4B-B712-ACF629D2D5AD}.Debug|Any CPU.ActiveCfg = Debug|Any CPU
		{8F129603-59E3-4C4B-B712-ACF629D2D5AD}.Debug|Any CPU.Build.0 = Debug|Any CPU
		{8F129603-59E3-4C4B-B712-ACF629D2D5AD}.Release|Any CPU.ActiveCfg = Release|Any CPU
		{8F129603-59E3-4C4B-B712-ACF629D2D5AD}.Release|Any CPU.Build.0 = Release|Any CPU
	EndGlobalSection
	GlobalSection(SolutionProperties) = preSolution
		HideSolutionNode = FALSE
	EndGlobalSection
	GlobalSection(NestedProjects) = preSolution
		{288E2205-AADE-4875-902D-325C3CF01DA5} = {33854031-46CE-42FF-92C7-C528713B5936}
	EndGlobalSection
EndGlobal
