Microsoft Visual Studio Solution File, Format Version 12.00
# Visual Studio Version 17
VisualStudioVersion = 17.5.2.0
MinimumVisualStudioVersion = 10.0.40219.1
Project("{FAE04EC0-301F-11D3-BF4B-00C04F79EFBC}") = "GetThePicture", "GetThePicture\GetThePicture.csproj", "{E8CC61D1-EF2B-8AF8-AEBF-568B87AEEBDB}"
EndProject
Project("{FAE04EC0-301F-11D3-BF4B-00C04F79EFBC}") = "GetThePicture.Tests", "GetThePicture.Tests\GetThePicture.Tests.csproj", "{6995A653-4381-ACC9-0623-8E1C993964D9}"
EndProject
Global
	GlobalSection(SolutionConfigurationPlatforms) = preSolution
		Debug|Any CPU = Debug|Any CPU
		Release|Any CPU = Release|Any CPU
	EndGlobalSection
	GlobalSection(ProjectConfigurationPlatforms) = postSolution
		{E8CC61D1-EF2B-8AF8-AEBF-568B87AEEBDB}.Debug|Any CPU.ActiveCfg = Debug|Any CPU
		{E8CC61D1-EF2B-8AF8-AEBF-568B87AEEBDB}.Debug|Any CPU.Build.0 = Debug|Any CPU
		{E8CC61D1-EF2B-8AF8-AEBF-568B87AEEBDB}.Release|Any CPU.ActiveCfg = Release|Any CPU
		{E8CC61D1-EF2B-8AF8-AEBF-568B87AEEBDB}.Release|Any CPU.Build.0 = Release|Any CPU
		{6995A653-4381-ACC9-0623-8E1C993964D9}.Debug|Any CPU.ActiveCfg = Debug|Any CPU
		{6995A653-4381-ACC9-0623-8E1C993964D9}.Debug|Any CPU.Build.0 = Debug|Any CPU
		{6995A653-4381-ACC9-0623-8E1C993964D9}.Release|Any CPU.ActiveCfg = Release|Any CPU
		{6995A653-4381-ACC9-0623-8E1C993964D9}.Release|Any CPU.Build.0 = Release|Any CPU
	EndGlobalSection
	GlobalSection(SolutionProperties) = preSolution
		HideSolutionNode = FALSE
	EndGlobalSection
	GlobalSection(ExtensibilityGlobals) = postSolution
		SolutionGuid = {C97CFC2E-0005-45D1-AF69-60E34ADCAA03}
	EndGlobalSection
EndGlobal
